lockfileVersion: 5.4

specifiers:
  "@types/node": ^18.11.18
  jiti: ^1.16.1
  typescript: ^4.9.4

dependencies:
  jiti: 1.16.2

devDependencies:
  "@types/node": 18.11.18
  typescript: 4.9.4

packages:
  /@types/node/18.11.18:
    resolution:
      {
        integrity: sha512-DHQpWGjyQKSHj3ebjFI/wRKcqQcdR+MoFBygntYOZytCqNfkd2ZC4ARDJ2DQqhjH5p85Nnd3jhUJIXrszFX/JA==,
      }
    dev: true

  /jiti/1.16.2:
    resolution:
      {
        integrity: sha512-OKBOVWmU3FxDt/UH4zSwiKPuc1nihFZiOD722FuJlngvLz2glX1v2/TJIgoA4+mrpnXxHV6dSAoCvPcYQtoG5A==,
      }
    hasBin: true
    dev: false

  /typescript/4.9.4:
    resolution:
      {
        integrity: sha512-Uz+dTXYzxXXbsFpM86Wh3dKCxrQqUcVMxwU54orwlJjOpO3ao8L7j5lH+dWfTwgCwIuM9GQ2kvVotzYJMXTBZg==,
      }
    engines: { node: ">=4.2.0" }
    hasBin: true
    dev: true
